// !$*UTF8*$!
{
	archiveVersion = 1;
	classes = {
	};
	objectVersion = 50;
	objects = {

/* Begin PBXBuildFile section */
		1A3F4C6622F4BB3C007F1A37 /* AppDelegate.swift in Sources */ = {isa = PBXBuildFile; fileRef = 1A3F4C6522F4BB3C007F1A37 /* AppDelegate.swift */; };
		1A3F4C6822F4BB3C007F1A37 /* ViewController.swift in Sources */ = {isa = PBXBuildFile; fileRef = 1A3F4C6722F4BB3C007F1A37 /* ViewController.swift */; };
		1A3F4C6B22F4BB3C007F1A37 /* Main.storyboard in Resources */ = {isa = PBXBuildFile; fileRef = 1A3F4C6922F4BB3C007F1A37 /* Main.storyboard */; };
		1A3F4C6D22F4BB3E007F1A37 /* Assets.xcassets in Resources */ = {isa = PBXBuildFile; fileRef = 1A3F4C6C22F4BB3E007F1A37 /* Assets.xcassets */; };
		1A3F4C7022F4BB3E007F1A37 /* LaunchScreen.storyboard in Resources */ = {isa = PBXBuildFile; fileRef = 1A3F4C6E22F4BB3E007F1A37 /* LaunchScreen.storyboard */; };
		1A3F4C7B22F4BB3E007F1A37 /* Image_FinderTests.swift in Sources */ = {isa = PBXBuildFile; fileRef = 1A3F4C7A22F4BB3E007F1A37 /* Image_FinderTests.swift */; };
		1A3F4C8622F4BB3E007F1A37 /* Image_FinderUITests.swift in Sources */ = {isa = PBXBuildFile; fileRef = 1A3F4C8522F4BB3E007F1A37 /* Image_FinderUITests.swift */; };
/* End PBXBuildFile section */

/* Begin PBXContainerItemProxy section */
		1A3F4C7722F4BB3E007F1A37 /* PBXContainerItemProxy */ = {
			isa = PBXContainerItemProxy;
			containerPortal = 1A3F4C5A22F4BB3C007F1A37 /* Project object */;
			proxyType = 1;
			remoteGlobalIDString = 1A3F4C6122F4BB3C007F1A37;
			remoteInfo = "Image Finder";
		};
		1A3F4C8222F4BB3E007F1A37 /* PBXContainerItemProxy */ = {
			isa = PBXContainerItemProxy;
			containerPortal = 1A3F4C5A22F4BB3C007F1A37 /* Project object */;
			proxyType = 1;
			remoteGlobalIDString = 1A3F4C6122F4BB3C007F1A37;
			remoteInfo = "Image Finder";
		};
/* End PBXContainerItemProxy section */

/* Begin PBXFileReference section */
		1A3F4C6222F4BB3C007F1A37 /* Image Finder.app */ = {isa = PBXFileReference; explicitFileType = wrapper.application; includeInIndex = 0; path = "Image Finder.app"; sourceTree = BUILT_PRODUCTS_DIR; };
		1A3F4C6522F4BB3C007F1A37 /* AppDelegate.swift */ = {isa = PBXFileReference; lastKnownFileType = sourcecode.swift; path = AppDelegate.swift; sourceTree = "<group>"; };
		1A3F4C6722F4BB3C007F1A37 /* ViewController.swift */ = {isa = PBXFileReference; lastKnownFileType = sourcecode.swift; path = ViewController.swift; sourceTree = "<group>"; };
		1A3F4C6A22F4BB3C007F1A37 /* Base */ = {isa = PBXFileReference; lastKnownFileType = file.storyboard; name = Base; path = Base.lproj/Main.storyboard; sourceTree = "<group>"; };
		1A3F4C6C22F4BB3E007F1A37 /* Assets.xcassets */ = {isa = PBXFileReference; lastKnownFileType = folder.assetcatalog; path = Assets.xcassets; sourceTree = "<group>"; };
		1A3F4C6F22F4BB3E007F1A37 /* Base */ = {isa = PBXFileReference; lastKnownFileType = file.storyboard; name = Base; path = Base.lproj/LaunchScreen.storyboard; sourceTree = "<group>"; };
		1A3F4C7122F4BB3E007F1A37 /* Info.plist */ = {isa = PBXFileReference; lastKnownFileType = text.plist.xml; path = Info.plist; sourceTree = "<group>"; };
		1A3F4C7622F4BB3E007F1A37 /* Image FinderTests.xctest */ = {isa = PBXFileReference; explicitFileType = wrapper.cfbundle; includeInIndex = 0; path = "Image FinderTests.xctest"; sourceTree = BUILT_PRODUCTS_DIR; };
		1A3F4C7A22F4BB3E007F1A37 /* Image_FinderTests.swift */ = {isa = PBXFileReference; lastKnownFileType = sourcecode.swift; path = Image_FinderTests.swift; sourceTree = "<group>"; };
		1A3F4C7C22F4BB3E007F1A37 /* Info.plist */ = {isa = PBXFileReference; lastKnownFileType = text.plist.xml; path = Info.plist; sourceTree = "<group>"; };
		1A3F4C8122F4BB3E007F1A37 /* Image FinderUITests.xctest */ = {isa = PBXFileReference; explicitFileType = wrapper.cfbundle; includeInIndex = 0; path = "Image FinderUITests.xctest"; sourceTree = BUILT_PRODUCTS_DIR; };
		1A3F4C8522F4BB3E007F1A37 /* Image_FinderUITests.swift */ = {isa = PBXFileReference; lastKnownFileType = sourcecode.swift; path = Image_FinderUITests.swift; sourceTree = "<group>"; };
		1A3F4C8722F4BB3E007F1A37 /* Info.plist */ = {isa = PBXFileReference; lastKnownFileType = text.plist.xml; path = Info.plist; sourceTree = "<group>"; };
/* End PBXFileReference section */

/* Begin PBXFrameworksBuildPhase section */
		1A3F4C5F22F4BB3C007F1A37 /* Frameworks */ = {
			isa = PBXFrameworksBuildPhase;
			buildActionMask = 2147483647;
			files = (
			);
			runOnlyForDeploymentPostprocessing = 0;
		};
		1A3F4C7322F4BB3E007F1A37 /* Frameworks */ = {
			isa = PBXFrameworksBuildPhase;
			buildActionMask = 2147483647;
			files = (
			);
			runOnlyForDeploymentPostprocessing = 0;
		};
		1A3F4C7E22F4BB3E007F1A37 /* Frameworks */ = {
			isa = PBXFrameworksBuildPhase;
			buildActionMask = 2147483647;
			files = (
			);
			runOnlyForDeploymentPostprocessing = 0;
		};
/* End PBXFrameworksBuildPhase section */

/* Begin PBXGroup section */
		1A3F4C5922F4BB3C007F1A37 = {
			isa = PBXGroup;
			children = (
				1A3F4C6422F4BB3C007F1A37 /* Image Finder */,
				1A3F4C7922F4BB3E007F1A37 /* Image FinderTests */,
				1A3F4C8422F4BB3E007F1A37 /* Image FinderUITests */,
				1A3F4C6322F4BB3C007F1A37 /* Products */,
			);
			sourceTree = "<group>";
		};
		1A3F4C6322F4BB3C007F1A37 /* Products */ = {
			isa = PBXGroup;
			children = (
				1A3F4C6222F4BB3C007F1A37 /* Image Finder.app */,
				1A3F4C7622F4BB3E007F1A37 /* Image FinderTests.xctest */,
				1A3F4C8122F4BB3E007F1A37 /* Image FinderUITests.xctest */,
			);
			name = Products;
			sourceTree = "<group>";
		};
		1A3F4C6422F4BB3C007F1A37 /* Image Finder */ = {
			isa = PBXGroup;
			children = (
				1A3F4C6522F4BB3C007F1A37 /* AppDelegate.swift */,
				1A3F4C6722F4BB3C007F1A37 /* ViewController.swift */,
				1A3F4C6922F4BB3C007F1A37 /* Main.storyboard */,
				1A3F4C6C22F4BB3E007F1A37 /* Assets.xcassets */,
				1A3F4C6E22F4BB3E007F1A37 /* LaunchScreen.storyboard */,
				1A3F4C7122F4BB3E007F1A37 /* Info.plist */,
			);
			path = "Image Finder";
			sourceTree = "<group>";
		};
		1A3F4C7922F4BB3E007F1A37 /* Image FinderTests */ = {
			isa = PBXGroup;
			children = (
				1A3F4C7A22F4BB3E007F1A37 /* Image_FinderTests.swift */,
				1A3F4C7C22F4BB3E007F1A37 /* Info.plist */,
			);
			path = "Image FinderTests";
			sourceTree = "<group>";
		};
		1A3F4C8422F4BB3E007F1A37 /* Image FinderUITests */ = {
			isa = PBXGroup;
			children = (
				1A3F4C8522F4BB3E007F1A37 /* Image_FinderUITests.swift */,
				1A3F4C8722F4BB3E007F1A37 /* Info.plist */,
			);
			path = "Image FinderUITests";
			sourceTree = "<group>";
		};
/* End PBXGroup section */

/* Begin PBXNativeTarget section */
		1A3F4C6122F4BB3C007F1A37 /* Image Finder */ = {
			isa = PBXNativeTarget;
			buildConfigurationList = 1A3F4C8A22F4BB3E007F1A37 /* Build configuration list for PBXNativeTarget "Image Finder" */;
			buildPhases = (
				1A3F4C5E22F4BB3C007F1A37 /* Sources */,
				1A3F4C5F22F4BB3C007F1A37 /* Frameworks */,
				1A3F4C6022F4BB3C007F1A37 /* Resources */,
			);
			buildRules = (
			);
			dependencies = (
			);
			name = "Image Finder";
			productName = "Image Finder";
			productReference = 1A3F4C6222F4BB3C007F1A37 /* Image Finder.app */;
			productType = "com.apple.product-type.application";
		};
		1A3F4C7522F4BB3E007F1A37 /* Image FinderTests */ = {
			isa = PBXNativeTarget;
			buildConfigurationList = 1A3F4C8D22F4BB3E007F1A37 /* Build configuration list for PBXNativeTarget "Image FinderTests" */;
			buildPhases = (
				1A3F4C7222F4BB3E007F1A37 /* Sources */,
				1A3F4C7322F4BB3E007F1A37 /* Frameworks */,
				1A3F4C7422F4BB3E007F1A37 /* Resources */,
			);
			buildRules = (
			);
			dependencies = (
				1A3F4C7822F4BB3E007F1A37 /* PBXTargetDependency */,
			);
			name = "Image FinderTests";
			productName = "Image FinderTests";
			productReference = 1A3F4C7622F4BB3E007F1A37 /* Image FinderTests.xctest */;
			productType = "com.apple.product-type.bundle.unit-test";
		};
		1A3F4C8022F4BB3E007F1A37 /* Image FinderUITests */ = {
			isa = PBXNativeTarget;
			buildConfigurationList = 1A3F4C9022F4BB3E007F1A37 /* Build configuration list for PBXNativeTarget "Image FinderUITests" */;
			buildPhases = (
				1A3F4C7D22F4BB3E007F1A37 /* Sources */,
				1A3F4C7E22F4BB3E007F1A37 /* Frameworks */,
				1A3F4C7F22F4BB3E007F1A37 /* Resources */,
			);
			buildRules = (
			);
			dependencies = (
				1A3F4C8322F4BB3E007F1A37 /* PBXTargetDependency */,
			);
			name = "Image FinderUITests";
			productName = "Image FinderUITests";
			productReference = 1A3F4C8122F4BB3E007F1A37 /* Image FinderUITests.xctest */;
			productType = "com.apple.product-type.bundle.ui-testing";
		};
/* End PBXNativeTarget section */

/* Begin PBXProject section */
		1A3F4C5A22F4BB3C007F1A37 /* Project object */ = {
			isa = PBXProject;
			attributes = {
				LastSwiftUpdateCheck = 1020;
				LastUpgradeCheck = 1020;
				ORGANIZATIONNAME = "Austin Zheng";
				TargetAttributes = {
					1A3F4C6122F4BB3C007F1A37 = {
						CreatedOnToolsVersion = 10.2.1;
					};
					1A3F4C7522F4BB3E007F1A37 = {
						CreatedOnToolsVersion = 10.2.1;
						TestTargetID = 1A3F4C6122F4BB3C007F1A37;
					};
					1A3F4C8022F4BB3E007F1A37 = {
						CreatedOnToolsVersion = 10.2.1;
						TestTargetID = 1A3F4C6122F4BB3C007F1A37;
					};
				};
			};
			buildConfigurationList = 1A3F4C5D22F4BB3C007F1A37 /* Build configuration list for PBXProject "Image Finder" */;
			compatibilityVersion = "Xcode 9.3";
			developmentRegion = en;
			hasScannedForEncodings = 0;
			knownRegions = (
				en,
				Base,
			);
			mainGroup = 1A3F4C5922F4BB3C007F1A37;
			productRefGroup = 1A3F4C6322F4BB3C007F1A37 /* Products */;
			projectDirPath = "";
			projectRoot = "";
			targets = (
				1A3F4C6122F4BB3C007F1A37 /* Image Finder */,
				1A3F4C7522F4BB3E007F1A37 /* Image FinderTests */,
				1A3F4C8022F4BB3E007F1A37 /* Image FinderUITests */,
			);
		};
/* End PBXProject section */

/* Begin PBXResourcesBuildPhase section */
		1A3F4C6022F4BB3C007F1A37 /* Resources */ = {
			isa = PBXResourcesBuildPhase;
			buildActionMask = 2147483647;
			files = (
				1A3F4C7022F4BB3E007F1A37 /* LaunchScreen.storyboard in Resources */,
				1A3F4C6D22F4BB3E007F1A37 /* Assets.xcassets in Resources */,
				1A3F4C6B22F4BB3C007F1A37 /* Main.storyboard in Resources */,
			);
			runOnlyForDeploymentPostprocessing = 0;
		};
		1A3F4C7422F4BB3E007F1A37 /* Resources */ = {
			isa = PBXResourcesBuildPhase;
			buildActionMask = 2147483647;
			files = (
			);
			runOnlyForDeploymentPostprocessing = 0;
		};
		1A3F4C7F22F4BB3E007F1A37 /* Resources */ = {
			isa = PBXResourcesBuildPhase;
			buildActionMask = 2147483647;
			files = (
			);
			runOnlyForDeploymentPostprocessing = 0;
		};
/* End PBXResourcesBuildPhase section */

/* Begin PBXSourcesBuildPhase section */
		1A3F4C5E22F4BB3C007F1A37 /* Sources */ = {
			isa = PBXSourcesBuildPhase;
			buildActionMask = 2147483647;
			files = (
				1A3F4C6822F4BB3C007F1A37 /* ViewController.swift in Sources */,
				1A3F4C6622F4BB3C007F1A37 /* AppDelegate.swift in Sources */,
			);
			runOnlyForDeploymentPostprocessing = 0;
		};
		1A3F4C7222F4BB3E007F1A37 /* Sources */ = {
			isa = PBXSourcesBuildPhase;
			buildActionMask = 2147483647;
			files = (
				1A3F4C7B22F4BB3E007F1A37 /* Image_FinderTests.swift in Sources */,
			);
			runOnlyForDeploymentPostprocessing = 0;
		};
		1A3F4C7D22F4BB3E007F1A37 /* Sources */ = {
			isa = PBXSourcesBuildPhase;
			buildActionMask = 2147483647;
			files = (
				1A3F4C8622F4BB3E007F1A37 /* Image_FinderUITests.swift in Sources */,
			);
			runOnlyForDeploymentPostprocessing = 0;
		};
/* End PBXSourcesBuildPhase section */

/* Begin PBXTargetDependency section */
		1A3F4C7822F4BB3E007F1A37 /* PBXTargetDependency */ = {
			isa = PBXTargetDependency;
			target = 1A3F4C6122F4BB3C007F1A37 /* Image Finder */;
			targetProxy = 1A3F4C7722F4BB3E007F1A37 /* PBXContainerItemProxy */;
		};
		1A3F4C8322F4BB3E007F1A37 /* PBXTargetDependency */ = {
			isa = PBXTargetDependency;
			target = 1A3F4C6122F4BB3C007F1A37 /* Image Finder */;
			targetProxy = 1A3F4C8222F4BB3E007F1A37 /* PBXContainerItemProxy */;
		};
/* End PBXTargetDependency section */

/* Begin PBXVariantGroup section */
		1A3F4C6922F4BB3C007F1A37 /* Main.storyboard */ = {
			isa = PBXVariantGroup;
			children = (
				1A3F4C6A22F4BB3C007F1A37 /* Base */,
			);
			name = Main.storyboard;
			sourceTree = "<group>";
		};
		1A3F4C6E22F4BB3E007F1A37 /* LaunchScreen.storyboard */ = {
			isa = PBXVariantGroup;
			children = (
				1A3F4C6F22F4BB3E007F1A37 /* Base */,
			);
			name = LaunchScreen.storyboard;
			sourceTree = "<group>";
		};
/* End PBXVariantGroup section */

/* Begin XCBuildConfiguration section */
		1A3F4C8822F4BB3E007F1A37 /* Debug */ = {
			isa = XCBuildConfiguration;
			buildSettings = {
				ALWAYS_SEARCH_USER_PATHS = NO;
				CLANG_ANALYZER_NONNULL = YES;
				CLANG_ANALYZER_NUMBER_OBJECT_CONVERSION = YES_AGGRESSIVE;
				CLANG_CXX_LANGUAGE_STANDARD = "gnu++14";
				CLANG_CXX_LIBRARY = "libc++";
				CLANG_ENABLE_MODULES = YES;
				CLANG_ENABLE_OBJC_ARC = YES;
				CLANG_ENABLE_OBJC_WEAK = YES;
				CLANG_WARN_BLOCK_CAPTURE_AUTORELEASING = YES;
				CLANG_WARN_BOOL_CONVERSION = YES;
				CLANG_WARN_COMMA = YES;
				CLANG_WARN_CONSTANT_CONVERSION = YES;
				CLANG_WARN_DEPRECATED_OBJC_IMPLEMENTATIONS = YES;
				CLANG_WARN_DIRECT_OBJC_ISA_USAGE = YES_ERROR;
				CLANG_WARN_DOCUMENTATION_COMMENTS = YES;
				CLANG_WARN_EMPTY_BODY = YES;
				CLANG_WARN_ENUM_CONVERSION = YES;
				CLANG_WARN_INFINITE_RECURSION = YES;
				CLANG_WARN_INT_CONVERSION = YES;
				CLANG_WARN_NON_LITERAL_NULL_CONVERSION = YES;
				CLANG_WARN_OBJC_IMPLICIT_RETAIN_SELF = YES;
				CLANG_WARN_OBJC_LITERAL_CONVERSION = YES;
				CLANG_WARN_OBJC_ROOT_CLASS = YES_ERROR;
				CLANG_WARN_RANGE_LOOP_ANALYSIS = YES;
				CLANG_WARN_STRICT_PROTOTYPES = YES;
				CLANG_WARN_SUSPICIOUS_MOVE = YES;
				CLANG_WARN_UNGUARDED_AVAILABILITY = YES_AGGRESSIVE;
				CLANG_WARN_UNREACHABLE_CODE = YES;
				CLANG_WARN__DUPLICATE_METHOD_MATCH = YES;
				CODE_SIGN_IDENTITY = "iPhone Developer";
				COPY_PHASE_STRIP = NO;
				DEBUG_INFORMATION_FORMAT = dwarf;
				ENABLE_STRICT_OBJC_MSGSEND = YES;
				ENABLE_TESTABILITY = YES;
				GCC_C_LANGUAGE_STANDARD = gnu11;
				GCC_DYNAMIC_NO_PIC = NO;
				GCC_NO_COMMON_BLOCKS = YES;
				GCC_OPTIMIZATION_LEVEL = 0;
				GCC_PREPROCESSOR_DEFINITIONS = (
					"DEBUG=1",
					"$(inherited)",
				);
				GCC_WARN_64_TO_32_BIT_CONVERSION = YES;
				GCC_WARN_ABOUT_RETURN_TYPE = YES_ERROR;
				GCC_WARN_UNDECLARED_SELECTOR = YES;
				GCC_WARN_UNINITIALIZED_AUTOS = YES_AGGRESSIVE;
				GCC_WARN_UNUSED_FUNCTION = YES;
				GCC_WARN_UNUSED_VARIABLE = YES;
				IPHONEOS_DEPLOYMENT_TARGET = 12.2;
				MTL_ENABLE_DEBUG_INFO = INCLUDE_SOURCE;
				MTL_FAST_MATH = YES;
				ONLY_ACTIVE_ARCH = YES;
				SDKROOT = iphoneos;
				SWIFT_ACTIVE_COMPILATION_CONDITIONS = DEBUG;
				SWIFT_OPTIMIZATION_LEVEL = "-Onone";
			};
			name = Debug;
		};
		1A3F4C8922F4BB3E007F1A37 /* Release */ = {
			isa = XCBuildConfiguration;
			buildSettings = {
				ALWAYS_SEARCH_USER_PATHS = NO;
				CLANG_ANALYZER_NONNULL = YES;
				CLANG_ANALYZER_NUMBER_OBJECT_CONVERSION = YES_AGGRESSIVE;
				CLANG_CXX_LANGUAGE_STANDARD = "gnu++14";
				CLANG_CXX_LIBRARY = "libc++";
				CLANG_ENABLE_MODULES = YES;
				CLANG_ENABLE_OBJC_ARC = YES;
				CLANG_ENABLE_OBJC_WEAK = YES;
				CLANG_WARN_BLOCK_CAPTURE_AUTORELEASING = YES;
				CLANG_WARN_BOOL_CONVERSION = YES;
				CLANG_WARN_COMMA = YES;
				CLANG_WARN_CONSTANT_CONVERSION = YES;
				CLANG_WARN_DEPRECATED_OBJC_IMPLEMENTATIONS = YES;
				CLANG_WARN_DIRECT_OBJC_ISA_USAGE = YES_ERROR;
				CLANG_WARN_DOCUMENTATION_COMMENTS = YES;
				CLANG_WARN_EMPTY_BODY = YES;
				CLANG_WARN_ENUM_CONVERSION = YES;
				CLANG_WARN_INFINITE_RECURSION = YES;
				CLANG_WARN_INT_CONVERSION = YES;
				CLANG_WARN_NON_LITERAL_NULL_CONVERSION = YES;
				CLANG_WARN_OBJC_IMPLICIT_RETAIN_SELF = YES;
				CLANG_WARN_OBJC_LITERAL_CONVERSION = YES;
				CLANG_WARN_OBJC_ROOT_CLASS = YES_ERROR;
				CLANG_WARN_RANGE_LOOP_ANALYSIS = YES;
				CLANG_WARN_STRICT_PROTOTYPES = YES;
				CLANG_WARN_SUSPICIOUS_MOVE = YES;
				CLANG_WARN_UNGUARDED_AVAILABILITY = YES_AGGRESSIVE;
				CLANG_WARN_UNREACHABLE_CODE = YES;
				CLANG_WARN__DUPLICATE_METHOD_MATCH = YES;
				CODE_SIGN_IDENTITY = "iPhone Developer";
				COPY_PHASE_STRIP = NO;
				DEBUG_INFORMATION_FORMAT = "dwarf-with-dsym";
				ENABLE_NS_ASSERTIONS = NO;
				ENABLE_STRICT_OBJC_MSGSEND = YES;
				GCC_C_LANGUAGE_STANDARD = gnu11;
				GCC_NO_COMMON_BLOCKS = YES;
				GCC_WARN_64_TO_32_BIT_CONVERSION = YES;
				GCC_WARN_ABOUT_RETURN_TYPE = YES_ERROR;
				GCC_WARN_UNDECLARED_SELECTOR = YES;
				GCC_WARN_UNINITIALIZED_AUTOS = YES_AGGRESSIVE;
				GCC_WARN_UNUSED_FUNCTION = YES;
				GCC_WARN_UNUSED_VARIABLE = YES;
				IPHONEOS_DEPLOYMENT_TARGET = 12.2;
				MTL_ENABLE_DEBUG_INFO = NO;
				MTL_FAST_MATH = YES;
				SDKROOT = iphoneos;
				SWIFT_COMPILATION_MODE = wholemodule;
				SWIFT_OPTIMIZATION_LEVEL = "-O";
				VALIDATE_PRODUCT = YES;
			};
			name = Release;
		};
		1A3F4C8B22F4BB3E007F1A37 /* Debug */ = {
			isa = XCBuildConfiguration;
			buildSettings = {
				ASSETCATALOG_COMPILER_APPICON_NAME = AppIcon;
				CODE_SIGN_STYLE = Automatic;
				DEVELOPMENT_TEAM = 5U3KXRCRTK;
				INFOPLIST_FILE = "Image Finder/Info.plist";
				LD_RUNPATH_SEARCH_PATHS = (
					"$(inherited)",
					"@executable_path/Frameworks",
				);
				PRODUCT_BUNDLE_IDENTIFIER = "alexProjects.Image-Finder";
				PRODUCT_NAME = "$(TARGET_NAME)";
				SWIFT_VERSION = 5.0;
				TARGETED_DEVICE_FAMILY = "1,2";
			};
			name = Debug;
		};
		1A3F4C8C22F4BB3E007F1A37 /* Release */ = {
			isa = XCBuildConfiguration;
			buildSettings = {
				ASSETCATALOG_COMPILER_APPICON_NAME = AppIcon;
				CODE_SIGN_STYLE = Automatic;
				DEVELOPMENT_TEAM = 5U3KXRCRTK;
				INFOPLIST_FILE = "Image Finder/Info.plist";
				LD_RUNPATH_SEARCH_PATHS = (
					"$(inherited)",
					"@executable_path/Frameworks",
				);
				PRODUCT_BUNDLE_IDENTIFIER = "alexProjects.Image-Finder";
				PRODUCT_NAME = "$(TARGET_NAME)";
				SWIFT_VERSION = 5.0;
				TARGETED_DEVICE_FAMILY = "1,2";
			};
			name = Release;
		};
		1A3F4C8E22F4BB3E007F1A37 /* Debug */ = {
			isa = XCBuildConfiguration;
			buildSettings = {
				ALWAYS_EMBED_SWIFT_STANDARD_LIBRARIES = YES;
				BUNDLE_LOADER = "$(TEST_HOST)";
				CODE_SIGN_STYLE = Automatic;
				DEVELOPMENT_TEAM = 5U3KXRCRTK;
				INFOPLIST_FILE = "Image FinderTests/Info.plist";
				LD_RUNPATH_SEARCH_PATHS = (
					"$(inherited)",
					"@executable_path/Frameworks",
					"@loader_path/Frameworks",
				);
				PRODUCT_BUNDLE_IDENTIFIER = "alexProjects.Image-FinderTests";
				PRODUCT_NAME = "$(TARGET_NAME)";
				SWIFT_VERSION = 5.0;
				TARGETED_DEVICE_FAMILY = "1,2";
				TEST_HOST = "$(BUILT_PRODUCTS_DIR)/Image Finder.app/Image Finder";
			};
			name = Debug;
		};
		1A3F4C8F22F4BB3E007F1A37 /* Release */ = {
			isa = XCBuildConfiguration;
			buildSettings = {
				ALWAYS_EMBED_SWIFT_STANDARD_LIBRARIES = YES;
				BUNDLE_LOADER = "$(TEST_HOST)";
				CODE_SIGN_STYLE = Automatic;
				DEVELOPMENT_TEAM = 5U3KXRCRTK;
				INFOPLIST_FILE = "Image FinderTests/Info.plist";
				LD_RUNPATH_SEARCH_PATHS = (
					"$(inherited)",
					"@executable_path/Frameworks",
					"@loader_path/Frameworks",
				);
				PRODUCT_BUNDLE_IDENTIFIER = "alexProjects.Image-FinderTests";
				PRODUCT_NAME = "$(TARGET_NAME)";
				SWIFT_VERSION = 5.0;
				TARGETED_DEVICE_FAMILY = "1,2";
				TEST_HOST = "$(BUILT_PRODUCTS_DIR)/Image Finder.app/Image Finder";
			};
			name = Release;
		};
		1A3F4C9122F4BB3E007F1A37 /* Debug */ = {
			isa = XCBuildConfiguration;
			buildSettings = {
				ALWAYS_EMBED_SWIFT_STANDARD_LIBRARIES = YES;
				CODE_SIGN_STYLE = Automatic;
				DEVELOPMENT_TEAM = 5U3KXRCRTK;
				INFOPLIST_FILE = "Image FinderUITests/Info.plist";
				LD_RUNPATH_SEARCH_PATHS = (
					"$(inherited)",
					"@executable_path/Frameworks",
					"@loader_path/Frameworks",
				);
				PRODUCT_BUNDLE_IDENTIFIER = "alexProjects.Image-FinderUITests";
				PRODUCT_NAME = "$(TARGET_NAME)";
				SWIFT_VERSION = 5.0;
				TARGETED_DEVICE_FAMILY = "1,2";
				TEST_TARGET_NAME = "Image Finder";
			};
			name = Debug;
		};
		1A3F4C9222F4BB3E007F1A37 /* Release */ = {
			isa = XCBuildConfiguration;
			buildSettings = {
				ALWAYS_EMBED_SWIFT_STANDARD_LIBRARIES = YES;
				CODE_SIGN_STYLE = Automatic;
				DEVELOPMENT_TEAM = 5U3KXRCRTK;
				INFOPLIST_FILE = "Image FinderUITests/Info.plist";
				LD_RUNPATH_SEARCH_PATHS = (
					"$(inherited)",
					"@executable_path/Frameworks",
					"@loader_path/Frameworks",
				);
				PRODUCT_BUNDLE_IDENTIFIER = "alexProjects.Image-FinderUITests";
				PRODUCT_NAME = "$(TARGET_NAME)";
				SWIFT_VERSION = 5.0;
				TARGETED_DEVICE_FAMILY = "1,2";
				TEST_TARGET_NAME = "Image Finder";
			};
			name = Release;
		};
/* End XCBuildConfiguration section */

/* Begin XCConfigurationList section */
		1A3F4C5D22F4BB3C007F1A37 /* Build configuration list for PBXProject "Image Finder" */ = {
			isa = XCConfigurationList;
			buildConfigurations = (
				1A3F4C8822F4BB3E007F1A37 /* Debug */,
				1A3F4C8922F4BB3E007F1A37 /* Release */,
			);
			defaultConfigurationIsVisible = 0;
			defaultConfigurationName = Release;
		};
		1A3F4C8A22F4BB3E007F1A37 /* Build configuration list for PBXNativeTarget "Image Finder" */ = {
			isa = XCConfigurationList;
			buildConfigurations = (
				1A3F4C8B22F4BB3E007F1A37 /* Debug */,
				1A3F4C8C22F4BB3E007F1A37 /* Release */,
			);
			defaultConfigurationIsVisible = 0;
			defaultConfigurationName = Release;
		};
		1A3F4C8D22F4BB3E007F1A37 /* Build configuration list for PBXNativeTarget "Image FinderTests" */ = {
			isa = XCConfigurationList;
			buildConfigurations = (
				1A3F4C8E22F4BB3E007F1A37 /* Debug */,
				1A3F4C8F22F4BB3E007F1A37 /* Release */,
			);
			defaultConfigurationIsVisible = 0;
			defaultConfigurationName = Release;
		};
		1A3F4C9022F4BB3E007F1A37 /* Build configuration list for PBXNativeTarget "Image FinderUITests" */ = {
			isa = XCConfigurationList;
			buildConfigurations = (
				1A3F4C9122F4BB3E007F1A37 /* Debug */,
				1A3F4C9222F4BB3E007F1A37 /* Release */,
			);
			defaultConfigurationIsVisible = 0;
			defaultConfigurationName = Release;
		};
/* End XCConfigurationList section */
	};
	rootObject = 1A3F4C5A22F4BB3C007F1A37 /* Project object */;
}
